// !$*UTF8*$!
{
	archiveVersion = 1;
	classes = {
	};
	objectVersion = 50;
	objects = {

/* Begin PBXBuildFile section */
		04E765AA2356F70F004FA86E /* AppDelegate.swift in Sources */ = {isa = PBXBuildFile; fileRef = 04E765A92356F70F004FA86E /* AppDelegate.swift */; };
		04E765AC2356F70F004FA86E /* SceneDelegate.swift in Sources */ = {isa = PBXBuildFile; fileRef = 04E765AB2356F70F004FA86E /* SceneDelegate.swift */; };
		04E765AE2356F70F004FA86E /* ContentView.swift in Sources */ = {isa = PBXBuildFile; fileRef = 04E765AD2356F70F004FA86E /* ContentView.swift */; };
		04E765B02356F713004FA86E /* Assets.xcassets in Resources */ = {isa = PBXBuildFile; fileRef = 04E765AF2356F713004FA86E /* Assets.xcassets */; };
		04E765B32356F713004FA86E /* Preview Assets.xcassets in Resources */ = {isa = PBXBuildFile; fileRef = 04E765B22356F713004FA86E /* Preview Assets.xcassets */; };
		04E765B62356F713004FA86E /* LaunchScreen.storyboard in Resources */ = {isa = PBXBuildFile; fileRef = 04E765B42356F713004FA86E /* LaunchScreen.storyboard */; };
/* End PBXBuildFile section */

/* Begin PBXFileReference section */
		04E765A62356F70F004FA86E /* SwiftUIGridView.app */ = {isa = PBXFileReference; explicitFileType = wrapper.application; includeInIndex = 0; path = SwiftUIGridView.app; sourceTree = BUILT_PRODUCTS_DIR; };
		04E765A92356F70F004FA86E /* AppDelegate.swift */ = {isa = PBXFileReference; lastKnownFileType = sourcecode.swift; path = AppDelegate.swift; sourceTree = "<group>"; };
		04E765AB2356F70F004FA86E /* SceneDelegate.swift */ = {isa = PBXFileReference; lastKnownFileType = sourcecode.swift; path = SceneDelegate.swift; sourceTree = "<group>"; };
		04E765AD2356F70F004FA86E /* ContentView.swift */ = {isa = PBXFileReference; lastKnownFileType = sourcecode.swift; path = ContentView.swift; sourceTree = "<group>"; };
		04E765AF2356F713004FA86E /* Assets.xcassets */ = {isa = PBXFileReference; lastKnownFileType = folder.assetcatalog; path = Assets.xcassets; sourceTree = "<group>"; };
		04E765B22356F713004FA86E /* Preview Assets.xcassets */ = {isa = PBXFileReference; lastKnownFileType = folder.assetcatalog; path = "Preview Assets.xcassets"; sourceTree = "<group>"; };
		04E765B52356F713004FA86E /* Base */ = {isa = PBXFileReference; lastKnownFileType = file.storyboard; name = Base; path = Base.lproj/LaunchScreen.storyboard; sourceTree = "<group>"; };
		04E765B72356F713004FA86E /* Info.plist */ = {isa = PBXFileReference; lastKnownFileType = text.plist.xml; path = Info.plist; sourceTree = "<group>"; };
/* End PBXFileReference section */

/* Begin PBXFrameworksBuildPhase section */
		04E765A32356F70F004FA86E /* Frameworks */ = {
			isa = PBXFrameworksBuildPhase;
			buildActionMask = 2147483647;
			files = (
			);
			runOnlyForDeploymentPostprocessing = 0;
		};
/* End PBXFrameworksBuildPhase section */

/* Begin PBXGroup section */
		04E7659D2356F70F004FA86E = {
			isa = PBXGroup;
			children = (
				04E765A82356F70F004FA86E /* SwiftUIGridView */,
				04E765A72356F70F004FA86E /* Products */,
			);
			sourceTree = "<group>";
		};
		04E765A72356F70F004FA86E /* Products */ = {
			isa = PBXGroup;
			children = (
				04E765A62356F70F004FA86E /* SwiftUIGridView.app */,
			);
			name = Products;
			sourceTree = "<group>";
		};
		04E765A82356F70F004FA86E /* SwiftUIGridView */ = {
			isa = PBXGroup;
			children = (
				04E765A92356F70F004FA86E /* AppDelegate.swift */,
				04E765AB2356F70F004FA86E /* SceneDelegate.swift */,
				04E765AD2356F70F004FA86E /* ContentView.swift */,
				04E765AF2356F713004FA86E /* Assets.xcassets */,
				04E765B42356F713004FA86E /* LaunchScreen.storyboard */,
				04E765B72356F713004FA86E /* Info.plist */,
				04E765B12356F713004FA86E /* Preview Content */,
			);
			path = SwiftUIGridView;
			sourceTree = "<group>";
		};
		04E765B12356F713004FA86E /* Preview Content */ = {
			isa = PBXGroup;
			children = (
				04E765B22356F713004FA86E /* Preview Assets.xcassets */,
			);
			path = "Preview Content";
			sourceTree = "<group>";
		};
/* End PBXGroup section */

/* Begin PBXNativeTarget section */
		04E765A52356F70F004FA86E /* SwiftUIGridView */ = {
			isa = PBXNativeTarget;
			buildConfigurationList = 04E765BA2356F713004FA86E /* Build configuration list for PBXNativeTarget "SwiftUIGridView" */;
			buildPhases = (
				04E765A22356F70F004FA86E /* Sources */,
				04E765A32356F70F004FA86E /* Frameworks */,
				04E765A42356F70F004FA86E /* Resources */,
			);
			buildRules = (
			);
			dependencies = (
			);
			name = SwiftUIGridView;
			productName = SwiftUIGridView;
			productReference = 04E765A62356F70F004FA86E /* SwiftUIGridView.app */;
			productType = "com.apple.product-type.application";
		};
/* End PBXNativeTarget section */

/* Begin PBXProject section */
		04E7659E2356F70F004FA86E /* Project object */ = {
			isa = PBXProject;
			attributes = {
				LastSwiftUpdateCheck = 1110;
				LastUpgradeCheck = 1110;
				ORGANIZATIONNAME = "Kuwy Technology";
				TargetAttributes = {
					04E765A52356F70F004FA86E = {
						CreatedOnToolsVersion = 11.1;
					};
				};
			};
			buildConfigurationList = 04E765A12356F70F004FA86E /* Build configuration list for PBXProject "SwiftUIGridView" */;
			compatibilityVersion = "Xcode 9.3";
			developmentRegion = en;
			hasScannedForEncodings = 0;
			knownRegions = (
				en,
				Base,
			);
			mainGroup = 04E7659D2356F70F004FA86E;
			productRefGroup = 04E765A72356F70F004FA86E /* Products */;
			projectDirPath = "";
			projectRoot = "";
			targets = (
				04E765A52356F70F004FA86E /* SwiftUIGridView */,
			);
		};
/* End PBXProject section */

/* Begin PBXResourcesBuildPhase section */
		04E765A42356F70F004FA86E /* Resources */ = {
			isa = PBXResourcesBuildPhase;
			buildActionMask = 2147483647;
			files = (
				04E765B62356F713004FA86E /* LaunchScreen.storyboard in Resources */,
				04E765B32356F713004FA86E /* Preview Assets.xcassets in Resources */,
				04E765B02356F713004FA86E /* Assets.xcassets in Resources */,
			);
			runOnlyForDeploymentPostprocessing = 0;
		};
/* End PBXResourcesBuildPhase section */

/* Begin PBXSourcesBuildPhase section */
		04E765A22356F70F004FA86E /* Sources */ = {
			isa = PBXSourcesBuildPhase;
			buildActionMask = 2147483647;
			files = (
				04E765AA2356F70F004FA86E /* AppDelegate.swift in Sources */,
				04E765AC2356F70F004FA86E /* SceneDelegate.swift in Sources */,
				04E765AE2356F70F004FA86E /* ContentView.swift in Sources */,
			);
			runOnlyForDeploymentPostprocessing = 0;
		};
/* End PBXSourcesBuildPhase section */

/* Begin PBXVariantGroup section */
		04E765B42356F713004FA86E /* LaunchScreen.storyboard */ = {
			isa = PBXVariantGroup;
			children = (
				04E765B52356F713004FA86E /* Base */,
			);
			name = LaunchScreen.storyboard;
			sourceTree = "<group>";
		};
/* End PBXVariantGroup section */

/* Begin XCBuildConfiguration section */
		04E765B82356F713004FA86E /* Debug */ = {
			isa = XCBuildConfiguration;
			buildSettings = {
				ALWAYS_SEARCH_USER_PATHS = NO;
				CLANG_ANALYZER_NONNULL = YES;
				CLANG_ANALYZER_NUMBER_OBJECT_CONVERSION = YES_AGGRESSIVE;
				CLANG_CXX_LANGUAGE_STANDARD = "gnu++14";
				CLANG_CXX_LIBRARY = "libc++";
				CLANG_ENABLE_MODULES = YES;
				CLANG_ENABLE_OBJC_ARC = YES;
				CLANG_ENABLE_OBJC_WEAK = YES;
				CLANG_WARN_BLOCK_CAPTURE_AUTORELEASING = YES;
				CLANG_WARN_BOOL_CONVERSION = YES;
				CLANG_WARN_COMMA = YES;
				CLANG_WARN_CONSTANT_CONVERSION = YES;
				CLANG_WARN_DEPRECATED_OBJC_IMPLEMENTATIONS = YES;
				CLANG_WARN_DIRECT_OBJC_ISA_USAGE = YES_ERROR;
				CLANG_WARN_DOCUMENTATION_COMMENTS = YES;
				CLANG_WARN_EMPTY_BODY = YES;
				CLANG_WARN_ENUM_CONVERSION = YES;
				CLANG_WARN_INFINITE_RECURSION = YES;
				CLANG_WARN_INT_CONVERSION = YES;
				CLANG_WARN_NON_LITERAL_NULL_CONVERSION = YES;
				CLANG_WARN_OBJC_IMPLICIT_RETAIN_SELF = YES;
				CLANG_WARN_OBJC_LITERAL_CONVERSION = YES;
				CLANG_WARN_OBJC_ROOT_CLASS = YES_ERROR;
				CLANG_WARN_RANGE_LOOP_ANALYSIS = YES;
				CLANG_WARN_STRICT_PROTOTYPES = YES;
				CLANG_WARN_SUSPICIOUS_MOVE = YES;
				CLANG_WARN_UNGUARDED_AVAILABILITY = YES_AGGRESSIVE;
				CLANG_WARN_UNREACHABLE_CODE = YES;
				CLANG_WARN__DUPLICATE_METHOD_MATCH = YES;
				COPY_PHASE_STRIP = NO;
				DEBUG_INFORMATION_FORMAT = dwarf;
				ENABLE_STRICT_OBJC_MSGSEND = YES;
				ENABLE_TESTABILITY = YES;
				GCC_C_LANGUAGE_STANDARD = gnu11;
				GCC_DYNAMIC_NO_PIC = NO;
				GCC_NO_COMMON_BLOCKS = YES;
				GCC_OPTIMIZATION_LEVEL = 0;
				GCC_PREPROCESSOR_DEFINITIONS = (
					"DEBUG=1",
					"$(inherited)",
				);
				GCC_WARN_64_TO_32_BIT_CONVERSION = YES;
				GCC_WARN_ABOUT_RETURN_TYPE = YES_ERROR;
				GCC_WARN_UNDECLARED_SELECTOR = YES;
				GCC_WARN_UNINITIALIZED_AUTOS = YES_AGGRESSIVE;
				GCC_WARN_UNUSED_FUNCTION = YES;
				GCC_WARN_UNUSED_VARIABLE = YES;
				IPHONEOS_DEPLOYMENT_TARGET = 13.1;
				MTL_ENABLE_DEBUG_INFO = INCLUDE_SOURCE;
				MTL_FAST_MATH = YES;
				ONLY_ACTIVE_ARCH = YES;
				SDKROOT = iphoneos;
				SWIFT_ACTIVE_COMPILATION_CONDITIONS = DEBUG;
				SWIFT_OPTIMIZATION_LEVEL = "-Onone";
			};
			name = Debug;
		};
		04E765B92356F713004FA86E /* Release */ = {
			isa = XCBuildConfiguration;
			buildSettings = {
				ALWAYS_SEARCH_USER_PATHS = NO;
				CLANG_ANALYZER_NONNULL = YES;
				CLANG_ANALYZER_NUMBER_OBJECT_CONVERSION = YES_AGGRESSIVE;
				CLANG_CXX_LANGUAGE_STANDARD = "gnu++14";
				CLANG_CXX_LIBRARY = "libc++";
				CLANG_ENABLE_MODULES = YES;
				CLANG_ENABLE_OBJC_ARC = YES;
				CLANG_ENABLE_OBJC_WEAK = YES;
				CLANG_WARN_BLOCK_CAPTURE_AUTORELEASING = YES;
				CLANG_WARN_BOOL_CONVERSION = YES;
				CLANG_WARN_COMMA = YES;
				CLANG_WARN_CONSTANT_CONVERSION = YES;
				CLANG_WARN_DEPRECATED_OBJC_IMPLEMENTATIONS = YES;
				CLANG_WARN_DIRECT_OBJC_ISA_USAGE = YES_ERROR;
				CLANG_WARN_DOCUMENTATION_COMMENTS = YES;
				CLANG_WARN_EMPTY_BODY = YES;
				CLANG_WARN_ENUM_CONVERSION = YES;
				CLANG_WARN_INFINITE_RECURSION = YES;
				CLANG_WARN_INT_CONVERSION = YES;
				CLANG_WARN_NON_LITERAL_NULL_CONVERSION = YES;
				CLANG_WARN_OBJC_IMPLICIT_RETAIN_SELF = YES;
				CLANG_WARN_OBJC_LITERAL_CONVERSION = YES;
				CLANG_WARN_OBJC_ROOT_CLASS = YES_ERROR;
				CLANG_WARN_RANGE_LOOP_ANALYSIS = YES;
				CLANG_WARN_STRICT_PROTOTYPES = YES;
				CLANG_WARN_SUSPICIOUS_MOVE = YES;
				CLANG_WARN_UNGUARDED_AVAILABILITY = YES_AGGRESSIVE;
				CLANG_WARN_UNREACHABLE_CODE = YES;
				CLANG_WARN__DUPLICATE_METHOD_MATCH = YES;
				COPY_PHASE_STRIP = NO;
				DEBUG_INFORMATION_FORMAT = "dwarf-with-dsym";
				ENABLE_NS_ASSERTIONS = NO;
				ENABLE_STRICT_OBJC_MSGSEND = YES;
				GCC_C_LANGUAGE_STANDARD = gnu11;
				GCC_NO_COMMON_BLOCKS = YES;
				GCC_WARN_64_TO_32_BIT_CONVERSION = YES;
				GCC_WARN_ABOUT_RETURN_TYPE = YES_ERROR;
				GCC_WARN_UNDECLARED_SELECTOR = YES;
				GCC_WARN_UNINITIALIZED_AUTOS = YES_AGGRESSIVE;
				GCC_WARN_UNUSED_FUNCTION = YES;
				GCC_WARN_UNUSED_VARIABLE = YES;
				IPHONEOS_DEPLOYMENT_TARGET = 13.1;
				MTL_ENABLE_DEBUG_INFO = NO;
				MTL_FAST_MATH = YES;
				SDKROOT = iphoneos;
				SWIFT_COMPILATION_MODE = wholemodule;
				SWIFT_OPTIMIZATION_LEVEL = "-O";
				VALIDATE_PRODUCT = YES;
			};
			name = Release;
		};
		04E765BB2356F713004FA86E /* Debug */ = {
			isa = XCBuildConfiguration;
			buildSettings = {
				ASSETCATALOG_COMPILER_APPICON_NAME = AppIcon;
				CODE_SIGN_STYLE = Automatic;
				DEVELOPMENT_ASSET_PATHS = "\"SwiftUIGridView/Preview Content\"";
				DEVELOPMENT_TEAM = JP3Q7UZPC7;
				ENABLE_PREVIEWS = YES;
				INFOPLIST_FILE = SwiftUIGridView/Info.plist;
				LD_RUNPATH_SEARCH_PATHS = (
					"$(inherited)",
					"@executable_path/Frameworks",
				);
				PRODUCT_BUNDLE_IDENTIFIER = com.kuwy.SwiftUIGridView;
				PRODUCT_NAME = "$(TARGET_NAME)";
				SWIFT_VERSION = 5.0;
				TARGETED_DEVICE_FAMILY = "1,2";
			};
			name = Debug;
		};
		04E765BC2356F713004FA86E /* Release */ = {
			isa = XCBuildConfiguration;
			buildSettings = {
				ASSETCATALOG_COMPILER_APPICON_NAME = AppIcon;
				CODE_SIGN_STYLE = Automatic;
				DEVELOPMENT_ASSET_PATHS = "\"SwiftUIGridView/Preview Content\"";
				DEVELOPMENT_TEAM = JP3Q7UZPC7;
				ENABLE_PREVIEWS = YES;
				INFOPLIST_FILE = SwiftUIGridView/Info.plist;
				LD_RUNPATH_SEARCH_PATHS = (
					"$(inherited)",
					"@executable_path/Frameworks",
				);
				PRODUCT_BUNDLE_IDENTIFIER = com.kuwy.SwiftUIGridView;
				PRODUCT_NAME = "$(TARGET_NAME)";
				SWIFT_VERSION = 5.0;
				TARGETED_DEVICE_FAMILY = "1,2";
			};
			name = Release;
		};
/* End XCBuildConfiguration section */

/* Begin XCConfigurationList section */
		04E765A12356F70F004FA86E /* Build configuration list for PBXProject "SwiftUIGridView" */ = {
			isa = XCConfigurationList;
			buildConfigurations = (
				04E765B82356F713004FA86E /* Debug */,
				04E765B92356F713004FA86E /* Release */,
			);
			defaultConfigurationIsVisible = 0;
			defaultConfigurationName = Release;
		};
		04E765BA2356F713004FA86E /* Build configuration list for PBXNativeTarget "SwiftUIGridView" */ = {
			isa = XCConfigurationList;
			buildConfigurations = (
				04E765BB2356F713004FA86E /* Debug */,
				04E765BC2356F713004FA86E /* Release */,
			);
			defaultConfigurationIsVisible = 0;
			defaultConfigurationName = Release;
		};
/* End XCConfigurationList section */
	};
	rootObject = 04E7659E2356F70F004FA86E /* Project object */;
}
